{
  "version": 4,
  "terraform_version": "1.5.7",
  "serial": 15,
  "lineage": "f6d57d9f-17d1-d36b-74d1-2dc0dd3ba202",
  "outputs": {},
  "resources": [
    {
      "mode": "data",
      "type": "google_container_engine_versions",
      "name": "gke_version",
      "provider": "provider[\"registry.terraform.io/hashicorp/google\"]",
      "instances": [
        {
          "schema_version": 0,
          "attributes": {
            "default_cluster_version": "1.27.3-gke.100",
            "id": "2023-09-28 03:39:40.938331448 +0000 UTC",
            "latest_master_version": "1.27.5-gke.200",
            "latest_node_version": "1.27.5-gke.200",
            "location": "us-central1",
            "project": null,
            "release_channel_default_version": {
              "RAPID": "1.27.4-gke.900",
              "REGULAR": "1.27.3-gke.100",
              "STABLE": "1.27.3-gke.100"
            },
            "release_channel_latest_version": {
              "RAPID": "1.27.5-gke.200",
              "REGULAR": "1.27.4-gke.900",
              "STABLE": "1.27.4-gke.900"
            },
            "valid_master_versions": [
              "1.27.5-gke.200",
              "1.27.4-gke.900",
              "1.27.3-gke.1700",
              "1.27.3-gke.100",
              "1.27.2-gke.2100",
              "1.27.2-gke.1200"
            ],
            "valid_node_versions": [
              "1.27.5-gke.200",
              "1.27.4-gke.900",
              "1.27.3-gke.1700",
              "1.27.3-gke.100",
              "1.27.2-gke.2100",
              "1.27.2-gke.1200"
            ],
            "version_prefix": "1.27."
          },
          "sensitive_attributes": []
        }
      ]
    },
    {
      "mode": "managed",
      "type": "google_compute_network",
      "name": "gke_network",
      "provider": "provider[\"registry.terraform.io/hashicorp/google\"]",
      "instances": [
        {
          "schema_version": 0,
          "attributes": {
            "auto_create_subnetworks": false,
            "delete_default_routes_on_create": false,
            "description": "",
            "enable_ula_internal_ipv6": false,
            "gateway_ipv4": "",
            "id": "projects/playground-s-11-268ae9ee/global/networks/gke-vpc",
            "internal_ipv6_range": "",
            "mtu": 0,
            "name": "gke-vpc",
            "network_firewall_policy_enforcement_order": "AFTER_CLASSIC_FIREWALL",
            "project": "playground-s-11-268ae9ee",
            "routing_mode": "REGIONAL",
            "self_link": "https://www.googleapis.com/compute/v1/projects/playground-s-11-268ae9ee/global/networks/gke-vpc",
            "timeouts": null
          },
          "sensitive_attributes": [],
          "private": "eyJlMmJmYjczMC1lY2FhLTExZTYtOGY4OC0zNDM2M2JjN2M0YzAiOnsiY3JlYXRlIjoxMjAwMDAwMDAwMDAwLCJkZWxldGUiOjEyMDAwMDAwMDAwMDAsInVwZGF0ZSI6MTIwMDAwMDAwMDAwMH19"
        }
      ]
    },
    {
      "mode": "managed",
      "type": "google_compute_subnetwork",
      "name": "network_with_private_secondary_ip_ranges",
      "provider": "provider[\"registry.terraform.io/hashicorp/google\"]",
      "instances": [
        {
          "schema_version": 0,
          "attributes": {
            "creation_timestamp": "2023-09-27T20:40:15.235-07:00",
            "description": "",
            "external_ipv6_prefix": "",
            "fingerprint": null,
            "gateway_address": "10.0.0.1",
            "id": "projects/playground-s-11-268ae9ee/regions/us-central1/subnetworks/primary-subnet",
            "ip_cidr_range": "10.0.0.0/28",
            "ipv6_access_type": "",
            "ipv6_cidr_range": "",
            "log_config": [],
            "name": "primary-subnet",
            "network": "https://www.googleapis.com/compute/v1/projects/playground-s-11-268ae9ee/global/networks/gke-vpc",
            "private_ip_google_access": false,
            "private_ipv6_google_access": "DISABLE_GOOGLE_ACCESS",
            "project": "playground-s-11-268ae9ee",
            "purpose": "PRIVATE",
            "region": "us-central1",
            "role": "",
            "secondary_ip_range": [
              {
                "ip_cidr_range": "10.1.0.0/24",
                "range_name": "secondary-subnet"
              }
            ],
            "self_link": "https://www.googleapis.com/compute/v1/projects/playground-s-11-268ae9ee/regions/us-central1/subnetworks/primary-subnet",
            "stack_type": "IPV4_ONLY",
            "timeouts": null
          },
          "sensitive_attributes": [],
          "private": "eyJlMmJmYjczMC1lY2FhLTExZTYtOGY4OC0zNDM2M2JjN2M0YzAiOnsiY3JlYXRlIjoxMjAwMDAwMDAwMDAwLCJkZWxldGUiOjEyMDAwMDAwMDAwMDAsInVwZGF0ZSI6MTIwMDAwMDAwMDAwMH19",
          "dependencies": [
            "google_compute_network.gke_network"
          ]
        }
      ]
    },
    {
      "mode": "managed",
      "type": "google_container_cluster",
      "name": "primary",
      "provider": "provider[\"registry.terraform.io/hashicorp/google\"]",
      "instances": [
        {
          "schema_version": 1,
          "attributes": {
            "addons_config": [
              {
                "cloudrun_config": [],
                "config_connector_config": [],
                "dns_cache_config": [],
                "gce_persistent_disk_csi_driver_config": [
                  {
                    "enabled": true
                  }
                ],
                "gcp_filestore_csi_driver_config": [],
                "gke_backup_agent_config": [],
                "horizontal_pod_autoscaling": [],
                "http_load_balancing": [],
                "network_policy_config": [
                  {
                    "disabled": true
                  }
                ]
              }
            ],
            "authenticator_groups_config": [],
            "binary_authorization": [
              {
                "enabled": false,
                "evaluation_mode": ""
              }
            ],
            "cluster_autoscaling": [
              {
                "auto_provisioning_defaults": [],
                "enabled": false,
                "resource_limits": []
              }
            ],
            "cluster_ipv4_cidr": "10.124.0.0/14",
            "confidential_nodes": [],
            "cost_management_config": [],
            "database_encryption": [
              {
                "key_name": "",
                "state": "DECRYPTED"
              }
            ],
            "datapath_provider": "",
            "default_max_pods_per_node": null,
            "default_snat_status": [
              {
                "disabled": false
              }
            ],
            "description": "",
            "dns_config": [],
            "enable_autopilot": false,
            "enable_binary_authorization": false,
            "enable_intranode_visibility": false,
            "enable_kubernetes_alpha": false,
            "enable_l4_ilb_subsetting": false,
            "enable_legacy_abac": false,
            "enable_shielded_nodes": true,
            "enable_tpu": false,
            "endpoint": "34.42.16.38",
            "gateway_api_config": [],
            "id": "projects/playground-s-11-268ae9ee/locations/us-central1/clusters/playground-s-11-268ae9ee-gke",
            "initial_node_count": 1,
            "ip_allocation_policy": [],
            "label_fingerprint": "a9dc16a7",
            "location": "us-central1",
            "logging_config": [
              {
                "enable_components": [
                  "SYSTEM_COMPONENTS",
                  "WORKLOADS"
                ]
              }
            ],
            "logging_service": "logging.googleapis.com/kubernetes",
            "maintenance_policy": [],
            "master_auth": [
              {
                "client_certificate": "",
                "client_certificate_config": [
                  {
                    "issue_client_certificate": false
                  }
                ],
                "client_key": "",
                "cluster_ca_certificate": "LS0tLS1CRUdJTiBDRVJUSUZJQ0FURS0tLS0tCk1JSUVMRENDQXBTZ0F3SUJBZ0lRUW9GMXVFbGQwL2VpOUhYSTd0ZXMxREFOQmdrcWhraUc5dzBCQVFzRkFEQXYKTVMwd0t3WURWUVFERXlSaU9UWTBNbUUwWlMwMllUUTBMVFF4T1RNdFlqVTBNUzFtWmpsbE5UYzVZakExTURVdwpJQmNOTWpNd09USTRNREkwTURReldoZ1BNakExTXpBNU1qQXdNelF3TkROYU1DOHhMVEFyQmdOVkJBTVRKR0k1Ck5qUXlZVFJsTFRaaE5EUXROREU1TXkxaU5UUXhMV1ptT1dVMU56bGlNRFV3TlRDQ0FhSXdEUVlKS29aSWh2Y04KQVFFQkJRQURnZ0dQQURDQ0FZb0NnZ0dCQUx4RW15bFc5SnBTNTBheGtxSnE1OFEyR3JRS0RHM2ZUcGtEbEd5Nwo3czNUblhMN3Z1d0IrbFc1R1lad3hST3lSeGROZi9henNPaUhrYkk1SFhwSWZydkxIL0lScmhLZFN3YU84M0JKCkQzTmpneDM1ZWo4bnJXK05QN3ptMVpyZHExaUs4S1UyQ3JiYjA2K3h0NmdmUFZZV1VKZHQ0dC80SnNrYmxnbjMKdUFBWFlNbkN6S1BacWN4MS8xamVpSVl5WGUwSitpSzdqOU9QYmhtb0tmeFhBanNNaVBCWjU1VmdlTlRyR0ltdQpHVWxKRFdEdXZkaW40L1RRTlRIRFNhbi81ZlVDeWpqaTVIUUNJYXpkWWZrNVN6TVJyeWJFRkMvZnNTNXZCTmtUCjBWWC95M2JGTDh5UkR2YjdPWnpCODZUNDFnNm8xYnBjWmw2MVVWSmc1OGpEN1JRU0lwNWJzVGdzTkhydk52U3gKUmlrTWJDQ0RiYUlQWDVMOFJ5Nk84ejdwNlRmSFhEZm9rUlo4UEszL3NJM2N0cWw0bVpnckYxb1NHRVZaWUF4SQowYmgwNzI2WXBwN0xZMXF1eEYwUXNBN3E0Lyt5R01UaEhxZ2UxZ1JkUWdnL1BOTkZsNWlpQXUyd3JXZDBlWERLCklVRGtZV3hVMGVCYWhRTEpNalF0Kzd0NXRRSURBUUFCbzBJd1FEQU9CZ05WSFE4QkFmOEVCQU1DQWdRd0R3WUQKVlIwVEFRSC9CQVV3QXdFQi96QWRCZ05WSFE0RUZnUVVTMUNEZlJ4MWtJN2pQdTlNMHVXd1E0emx0VXd3RFFZSgpLb1pJaHZjTkFRRUxCUUFEZ2dHQkFFUUxkeVdkR3lGTU9GN0RjMHpsd2dpVEtDelFaL2ZDdENQZDB0VjlJZmdKCkJQMEZ3dEUydERRSmtLQU94QkdDSGd0QWJvVVRSNEprUXY0WWsxcnBXVWdnNWt2YmpSZWU5OEIvR2tjcmJvcUMKZlNuS21udG1BQTc2NjZtRDcxOHh1R1M4K2svT3JublJuVlNKTVJtd0FqYVRuQk9QM0xQN29ibEN2WGtHSjZuUwo5SEVKdC8xaXhIdTZIMnh6Q0ZQYWc4UjE0ektDWlBhV0I3UnFrSG1MNGwvUXVranhha0dUUVZaODVBYk96djliCnpjL1RmWjQyeEVnREYyUjhOR3Q2OW91QW9RTUlrdjhLLzFvdVhMK2tGMFhyTHpEYzNwTlZoK1RhNVpIUnhEeWYKMnRWKzBGTzU0ZnRPWm5BTDRQckFNVmtTM3JMZFgyejZLcWpnTHNQMWwxa3VIcEZ0T2p3NGY2Yy9iNmhPVXQrZgpPWDJqYjI2em9BdlF4VXpMay9sdEJQNkEwWnJicnZoSFl4UlhvU0M3WHBlVWNrU1VKVE1pM21kZlcxZmVvUnB1CmN5bW00cG1EWWdBRG5VOGMwcCtHcWhvSkFUdHZLNi9lcGFYYzBobUZWYzVBNGhqSTk0T2FXMGFQdEdOT2JkVTEKaGluUm5ha0R2aWRzdUIzY29LUGRWdz09Ci0tLS0tRU5EIENFUlRJRklDQVRFLS0tLS0K"
              }
            ],
            "master_authorized_networks_config": [],
            "master_version": "1.27.3-gke.100",
            "mesh_certificates": [],
            "min_master_version": null,
            "monitoring_config": [
              {
                "enable_components": [
                  "SYSTEM_COMPONENTS"
                ],
                "managed_prometheus": [
                  {
                    "enabled": true
                  }
                ]
              }
            ],
            "monitoring_service": "monitoring.googleapis.com/kubernetes",
            "name": "playground-s-11-268ae9ee-gke",
            "network": "projects/playground-s-11-268ae9ee/global/networks/gke-vpc",
            "network_policy": [
              {
                "enabled": false,
                "provider": "PROVIDER_UNSPECIFIED"
              }
            ],
            "networking_mode": "ROUTES",
            "node_config": [],
            "node_locations": [
              "us-central1-a",
              "us-central1-b",
              "us-central1-c"
            ],
            "node_pool": [],
            "node_pool_defaults": [
              {
                "node_config_defaults": [
                  {
                    "logging_variant": "DEFAULT"
                  }
                ]
              }
            ],
            "node_version": "1.27.3-gke.100",
            "notification_config": [
              {
                "pubsub": [
                  {
                    "enabled": false,
                    "filter": [],
                    "topic": ""
                  }
                ]
              }
            ],
            "operation": null,
            "private_cluster_config": [
              {
                "enable_private_endpoint": false,
                "enable_private_nodes": false,
                "master_global_access_config": [
                  {
                    "enabled": false
                  }
                ],
                "master_ipv4_cidr_block": "",
                "peering_name": "",
                "private_endpoint": "10.0.0.2",
                "private_endpoint_subnetwork": "",
                "public_endpoint": "34.42.16.38"
              }
            ],
            "private_ipv6_google_access": "",
            "project": "playground-s-11-268ae9ee",
            "release_channel": [
              {
                "channel": "REGULAR"
              }
            ],
            "remove_default_node_pool": true,
            "resource_labels": null,
            "resource_usage_export_config": [],
            "security_posture_config": [
              {
                "mode": "BASIC",
                "vulnerability_mode": "VULNERABILITY_MODE_UNSPECIFIED"
              }
            ],
            "self_link": "https://container.googleapis.com/v1/projects/playground-s-11-268ae9ee/locations/us-central1/clusters/playground-s-11-268ae9ee-gke",
            "service_external_ips_config": [
              {
                "enabled": false
              }
            ],
            "services_ipv4_cidr": "10.127.240.0/20",
            "subnetwork": "projects/playground-s-11-268ae9ee/regions/us-central1/subnetworks/primary-subnet",
            "timeouts": null,
            "tpu_ipv4_cidr_block": "",
            "vertical_pod_autoscaling": [],
            "workload_identity_config": []
          },
          "sensitive_attributes": [],
          "private": "eyJlMmJmYjczMC1lY2FhLTExZTYtOGY4OC0zNDM2M2JjN2M0YzAiOnsiY3JlYXRlIjoyNDAwMDAwMDAwMDAwLCJkZWxldGUiOjI0MDAwMDAwMDAwMDAsInJlYWQiOjI0MDAwMDAwMDAwMDAsInVwZGF0ZSI6MzYwMDAwMDAwMDAwMH0sInNjaGVtYV92ZXJzaW9uIjoiMSJ9",
          "dependencies": [
            "google_compute_network.gke_network",
            "google_compute_subnetwork.network_with_private_secondary_ip_ranges"
          ]
        }
      ]
    },
    {
      "mode": "managed",
      "type": "google_container_node_pool",
      "name": "primary_nodes",
      "provider": "provider[\"registry.terraform.io/hashicorp/google\"]",
      "instances": [
        {
          "schema_version": 1,
          "attributes": {
            "autoscaling": [],
            "cluster": "playground-s-11-268ae9ee-gke",
            "id": "projects/playground-s-11-268ae9ee/locations/us-central1/clusters/playground-s-11-268ae9ee-gke/nodePools/playground-s-11-268ae9ee-gke",
            "initial_node_count": 1,
            "instance_group_urls": [
              "https://www.googleapis.com/compute/v1/projects/playground-s-11-268ae9ee/zones/us-central1-b/instanceGroupManagers/gke-playground-s-11--playground-s-11--c49ace28-grp",
              "https://www.googleapis.com/compute/v1/projects/playground-s-11-268ae9ee/zones/us-central1-a/instanceGroupManagers/gke-playground-s-11--playground-s-11--4ae93942-grp",
              "https://www.googleapis.com/compute/v1/projects/playground-s-11-268ae9ee/zones/us-central1-c/instanceGroupManagers/gke-playground-s-11--playground-s-11--646aa69b-grp"
            ],
            "location": "us-central1",
            "managed_instance_group_urls": [
              "https://www.googleapis.com/compute/v1/projects/playground-s-11-268ae9ee/zones/us-central1-b/instanceGroups/gke-playground-s-11--playground-s-11--c49ace28-grp",
              "https://www.googleapis.com/compute/v1/projects/playground-s-11-268ae9ee/zones/us-central1-a/instanceGroups/gke-playground-s-11--playground-s-11--4ae93942-grp",
              "https://www.googleapis.com/compute/v1/projects/playground-s-11-268ae9ee/zones/us-central1-c/instanceGroups/gke-playground-s-11--playground-s-11--646aa69b-grp"
            ],
            "management": [
              {
                "auto_repair": true,
                "auto_upgrade": true
              }
            ],
            "max_pods_per_node": null,
            "name": "playground-s-11-268ae9ee-gke",
            "name_prefix": "",
            "network_config": [
              {
                "create_pod_range": false,
                "enable_private_nodes": false,
                "pod_cidr_overprovision_config": [],
                "pod_ipv4_cidr_block": "",
                "pod_range": ""
              }
            ],
            "node_config": [
              {
                "advanced_machine_features": [],
                "boot_disk_kms_key": "",
                "disk_size_gb": 100,
                "disk_type": "pd-balanced",
                "ephemeral_storage_local_ssd_config": [],
                "gcfs_config": [],
                "guest_accelerator": [],
                "gvnic": [],
                "image_type": "COS_CONTAINERD",
                "kubelet_config": [],
                "labels": {},
                "linux_node_config": [],
                "local_nvme_ssd_block_config": [],
                "local_ssd_count": 0,
                "logging_variant": "DEFAULT",
                "machine_type": "n1-standard-1",
                "metadata": {
                  "disable-legacy-endpoints": "true"
                },
                "min_cpu_platform": "",
                "node_group": "",
                "oauth_scopes": [
                  "https://www.googleapis.com/auth/devstorage.read_only",
                  "https://www.googleapis.com/auth/logging.write",
                  "https://www.googleapis.com/auth/monitoring",
                  "https://www.googleapis.com/auth/service.management.readonly",
                  "https://www.googleapis.com/auth/servicecontrol",
                  "https://www.googleapis.com/auth/trace.append"
                ],
                "preemptible": false,
                "reservation_affinity": [],
                "resource_labels": null,
                "service_account": "default",
                "shielded_instance_config": [
                  {
                    "enable_integrity_monitoring": true,
                    "enable_secure_boot": false
                  }
                ],
                "sole_tenant_config": [],
                "spot": false,
                "tags": [
                  "gke-node",
                  "playground-s-11-268ae9ee-gke"
                ],
                "taint": [],
                "workload_metadata_config": []
              }
            ],
            "node_count": 1,
            "node_locations": [
              "us-central1-a",
              "us-central1-b",
              "us-central1-c"
            ],
            "operation": null,
            "placement_policy": [],
            "project": "playground-s-11-268ae9ee",
            "timeouts": null,
            "upgrade_settings": [
              {
                "blue_green_settings": [],
                "max_surge": 1,
                "max_unavailable": 0,
                "strategy": "SURGE"
              }
            ],
            "version": "1.27.4-gke.900"
          },
          "sensitive_attributes": [],
          "private": "eyJlMmJmYjczMC1lY2FhLTExZTYtOGY4OC0zNDM2M2JjN2M0YzAiOnsiY3JlYXRlIjoxODAwMDAwMDAwMDAwLCJkZWxldGUiOjE4MDAwMDAwMDAwMDAsInVwZGF0ZSI6MTgwMDAwMDAwMDAwMH0sInNjaGVtYV92ZXJzaW9uIjoiMSJ9",
          "dependencies": [
            "data.google_container_engine_versions.gke_version",
            "google_compute_network.gke_network",
            "google_compute_subnetwork.network_with_private_secondary_ip_ranges",
            "google_container_cluster.primary"
          ]
        }
      ]
    }
  ],
  "check_results": null
}
