{
  "version": 4,
  "terraform_version": "1.5.7",
  "serial": 22,
  "lineage": "7b075d66-a024-5546-1c70-62f4f586f1d8",
  "outputs": {},
  "resources": [
    {
      "mode": "data",
      "type": "google_container_engine_versions",
      "name": "gke_version",
      "provider": "provider[\"registry.terraform.io/hashicorp/google\"]",
      "instances": [
        {
          "schema_version": 0,
          "attributes": {
            "default_cluster_version": "1.27.3-gke.100",
            "id": "2023-10-05 04:21:26.481109403 +0000 UTC",
            "latest_master_version": "1.27.5-gke.200",
            "latest_node_version": "1.27.5-gke.200",
            "location": "us-central1",
            "project": null,
            "release_channel_default_version": {
              "RAPID": "1.27.4-gke.900",
              "REGULAR": "1.27.3-gke.100",
              "STABLE": "1.27.3-gke.100"
            },
            "release_channel_latest_version": {
              "RAPID": "1.27.5-gke.200",
              "REGULAR": "1.27.4-gke.900",
              "STABLE": "1.27.4-gke.900"
            },
            "valid_master_versions": [
              "1.27.5-gke.200",
              "1.27.4-gke.900",
              "1.27.3-gke.1700",
              "1.27.3-gke.100",
              "1.27.2-gke.2100",
              "1.27.2-gke.1200"
            ],
            "valid_node_versions": [
              "1.27.5-gke.200",
              "1.27.4-gke.900",
              "1.27.3-gke.1700",
              "1.27.3-gke.100",
              "1.27.2-gke.2100",
              "1.27.2-gke.1200"
            ],
            "version_prefix": "1.27."
          },
          "sensitive_attributes": []
        }
      ]
    },
    {
      "mode": "managed",
      "type": "google_compute_network",
      "name": "gke_network",
      "provider": "provider[\"registry.terraform.io/hashicorp/google\"]",
      "instances": [
        {
          "schema_version": 0,
          "attributes": {
            "auto_create_subnetworks": false,
            "delete_default_routes_on_create": false,
            "description": "",
            "enable_ula_internal_ipv6": false,
            "gateway_ipv4": "",
            "id": "projects/playground-s-11-90098b95/global/networks/gke-vpc",
            "internal_ipv6_range": "",
            "mtu": 0,
            "name": "gke-vpc",
            "network_firewall_policy_enforcement_order": "AFTER_CLASSIC_FIREWALL",
            "project": "playground-s-11-90098b95",
            "routing_mode": "REGIONAL",
            "self_link": "https://www.googleapis.com/compute/v1/projects/playground-s-11-90098b95/global/networks/gke-vpc",
            "timeouts": null
          },
          "sensitive_attributes": [],
          "private": "eyJlMmJmYjczMC1lY2FhLTExZTYtOGY4OC0zNDM2M2JjN2M0YzAiOnsiY3JlYXRlIjoxMjAwMDAwMDAwMDAwLCJkZWxldGUiOjEyMDAwMDAwMDAwMDAsInVwZGF0ZSI6MTIwMDAwMDAwMDAwMH19"
        }
      ]
    },
    {
      "mode": "managed",
      "type": "google_compute_subnetwork",
      "name": "network_with_private_secondary_ip_ranges",
      "provider": "provider[\"registry.terraform.io/hashicorp/google\"]",
      "instances": [
        {
          "schema_version": 0,
          "attributes": {
            "creation_timestamp": "2023-10-04T21:22:14.559-07:00",
            "description": "",
            "external_ipv6_prefix": "",
            "fingerprint": null,
            "gateway_address": "10.0.0.1",
            "id": "projects/playground-s-11-90098b95/regions/us-central1/subnetworks/primary-subnet",
            "ip_cidr_range": "10.0.0.0/24",
            "ipv6_access_type": "",
            "ipv6_cidr_range": "",
            "log_config": [],
            "name": "primary-subnet",
            "network": "https://www.googleapis.com/compute/v1/projects/playground-s-11-90098b95/global/networks/gke-vpc",
            "private_ip_google_access": false,
            "private_ipv6_google_access": "DISABLE_GOOGLE_ACCESS",
            "project": "playground-s-11-90098b95",
            "purpose": "PRIVATE",
            "region": "us-central1",
            "role": "",
            "secondary_ip_range": [
              {
                "ip_cidr_range": "10.1.0.0/16",
                "range_name": "pod-secondary-subnet"
              },
              {
                "ip_cidr_range": "10.2.0.0/20",
                "range_name": "service-secondary-subnet"
              }
            ],
            "self_link": "https://www.googleapis.com/compute/v1/projects/playground-s-11-90098b95/regions/us-central1/subnetworks/primary-subnet",
            "stack_type": "IPV4_ONLY",
            "timeouts": null
          },
          "sensitive_attributes": [],
          "private": "eyJlMmJmYjczMC1lY2FhLTExZTYtOGY4OC0zNDM2M2JjN2M0YzAiOnsiY3JlYXRlIjoxMjAwMDAwMDAwMDAwLCJkZWxldGUiOjEyMDAwMDAwMDAwMDAsInVwZGF0ZSI6MTIwMDAwMDAwMDAwMH19",
          "dependencies": [
            "google_compute_network.gke_network"
          ]
        }
      ]
    },
    {
      "mode": "managed",
      "type": "google_container_cluster",
      "name": "primary",
      "provider": "provider[\"registry.terraform.io/hashicorp/google\"]",
      "instances": [
        {
          "schema_version": 1,
          "attributes": {
            "addons_config": [
              {
                "cloudrun_config": [],
                "config_connector_config": [],
                "dns_cache_config": [],
                "gce_persistent_disk_csi_driver_config": [
                  {
                    "enabled": true
                  }
                ],
                "gcp_filestore_csi_driver_config": [],
                "gke_backup_agent_config": [],
                "horizontal_pod_autoscaling": [],
                "http_load_balancing": [],
                "network_policy_config": [
                  {
                    "disabled": true
                  }
                ]
              }
            ],
            "authenticator_groups_config": [],
            "binary_authorization": [
              {
                "enabled": false,
                "evaluation_mode": ""
              }
            ],
            "cluster_autoscaling": [
              {
                "auto_provisioning_defaults": [],
                "enabled": false,
                "resource_limits": []
              }
            ],
            "cluster_ipv4_cidr": "10.1.0.0/16",
            "confidential_nodes": [],
            "cost_management_config": [],
            "database_encryption": [
              {
                "key_name": "",
                "state": "DECRYPTED"
              }
            ],
            "datapath_provider": "",
            "default_max_pods_per_node": 110,
            "default_snat_status": [
              {
                "disabled": false
              }
            ],
            "description": "",
            "dns_config": [],
            "enable_autopilot": false,
            "enable_binary_authorization": false,
            "enable_intranode_visibility": false,
            "enable_kubernetes_alpha": false,
            "enable_l4_ilb_subsetting": false,
            "enable_legacy_abac": false,
            "enable_shielded_nodes": true,
            "enable_tpu": false,
            "endpoint": "34.133.134.4",
            "gateway_api_config": [],
            "id": "projects/playground-s-11-90098b95/locations/us-central1/clusters/playground-s-11-90098b95-gke",
            "initial_node_count": 1,
            "ip_allocation_policy": [
              {
                "cluster_ipv4_cidr_block": "10.1.0.0/16",
                "cluster_secondary_range_name": "pod-secondary-subnet",
                "pod_cidr_overprovision_config": [
                  {
                    "disabled": false
                  }
                ],
                "services_ipv4_cidr_block": "10.2.0.0/20",
                "services_secondary_range_name": "service-secondary-subnet",
                "stack_type": "IPV4"
              }
            ],
            "label_fingerprint": "a9dc16a7",
            "location": "us-central1",
            "logging_config": [
              {
                "enable_components": [
                  "SYSTEM_COMPONENTS",
                  "WORKLOADS"
                ]
              }
            ],
            "logging_service": "logging.googleapis.com/kubernetes",
            "maintenance_policy": [],
            "master_auth": [
              {
                "client_certificate": "",
                "client_certificate_config": [
                  {
                    "issue_client_certificate": false
                  }
                ],
                "client_key": "",
                "cluster_ca_certificate": "LS0tLS1CRUdJTiBDRVJUSUZJQ0FURS0tLS0tCk1JSUVMRENDQXBTZ0F3SUJBZ0lRZUtLbzFhSUMvQlgvd09uNk1kM0xuekFOQmdrcWhraUc5dzBCQVFzRkFEQXYKTVMwd0t3WURWUVFERXlRME1EUXdObUUzTnkwMFltVmhMVFF6WWpVdE9EY3hOQzAzTVdKaU1XUTNNVEkxWVRNdwpJQmNOTWpNeE1EQTFNRE15TWpReVdoZ1BNakExTXpBNU1qY3dOREl5TkRKYU1DOHhMVEFyQmdOVkJBTVRKRFF3Ck5EQTJZVGMzTFRSaVpXRXRORE5pTlMwNE56RTBMVGN4WW1JeFpEY3hNalZoTXpDQ0FhSXdEUVlKS29aSWh2Y04KQVFFQkJRQURnZ0dQQURDQ0FZb0NnZ0dCQUxDSHh1MUhBMURhSGFVRzRXQkhrc0RVMngxUVB2R3I2cXFuQjFqeQpZVm9wWmpOZTBWOEdab1BOU0FZeDZ1aitvWHZoa0cxTXd6RjE2UFRXdkFaQUl0TlQyeUphak83aHRxY3g0TTJjClhkcHd4c3E0Q1ZYaHFDUW1Ib0VYcERRSUkxZEt3RUxpK0c5b0ZLbExnWlJONmh6bUxFREJ2R0VibWkyd0Z6clMKNHdoZzd6RkFxZjZVRzFxblNrdzljaDEycFZ2U0VQUWJGZXVadEJzNkYyNXRSZkg3MFNCRzRMNW5SVTloaTVMcQpnaVhuMWJQTENtMzZrZDk3UWU3aGdJb0xXTXhrOE8xZkVEd3NKY1FFTGFOUlBSbDhKQlhGaXB0c2xPSEtyaUdmCnRLQmpuV2czUkdBZVplZjd1Zk9Pc21GT1NjWmRvcU5HbVpzYzViNFk1Ui81b0RIRXNhNXRrU1ozdmgza3lRZ2wKbnN5cHZFU3JQcG1pT2NWRUdQODdXQ3hCWmNYMWJVcnM4Y0NCTkp0MjY5N3pOdktlaFNzMmJVZEV3dHc0cmVtNgptL1IxdEJKLzg5MjZPazI3UTBRNlEwSldiSGdyblB4QU8rY3A2WU1nMy9tQ0o4Nk4vUHl2SUZ2Y0piT0w4VitpCklpMHVEWkFOelNLWkpFNzZ3Q0lCRlFxd1FRSURBUUFCbzBJd1FEQU9CZ05WSFE4QkFmOEVCQU1DQWdRd0R3WUQKVlIwVEFRSC9CQVV3QXdFQi96QWRCZ05WSFE0RUZnUVVrNEZ1eDlDVUUzcG1kQ1kzR2dIeW44ZVlXSzB3RFFZSgpLb1pJaHZjTkFRRUxCUUFEZ2dHQkFJaW5IdTFUdysyWC9jd0dMclBLOTgwZE5IOXB5MUtTQVlrOEtTbVVvNVkzCkh2elR3RlZXMHhtbnk0R3dMNW5JOVFyQ1o0MFlPNzUzZTNzOWsxUk96WjBOZW9LcitLYW5qZ0Y2dVNlOXR5a08KSjROcHk2djFLMUZUZkxWYUJ2TDA2WXJtM1RqclFRYTQ0cUM1UXdGR2lmNEdHTHlWc0RNTVVvZXBHRXBKaVdGcAoya1JzL0F0N1F2UjczZHBKV3YyUkdYdDlOekFoeGVFNUt0Zjk4WE9BcE1kWWFFbkNNQTg5bWlWWEpwUlJxa1BqCndDb0xHUVVERXpzSFZESGZ5VzRoZUt2VDlIc2g4Nkt1OE4wdWE2bTVmdEhKMzVTZzZuL1VQRHE0RHg5U0xHdDUKclo0SkVHcEZ6VnU3WnFjU1loUHdjN0hoa3h3djF5alk5Z0JsTFR0VzRrMzV5VGV3VlZhdXRpMkp4S3F3em5QWgpWYit6dGdhL3FRT0hseTM3ME9wS09memo4djR1YXRZeC9Zcmdjdno2Rm1jdURDWXR2cTZQbFNDdTBrMlJoWmpkCklhWXJxM3QyKzIxK0hDYnV1WWR0cXJRS3dMcDJuS2d3QjBDYzhQeUxJOFMzV01OQ2xsS1lTaTVZRUlxd0FYOUUKd3ZSUzhyb01oNG5PM013ZkxkeXdqZz09Ci0tLS0tRU5EIENFUlRJRklDQVRFLS0tLS0K"
              }
            ],
            "master_authorized_networks_config": [],
            "master_version": "1.27.3-gke.100",
            "mesh_certificates": [],
            "min_master_version": null,
            "monitoring_config": [
              {
                "enable_components": [
                  "SYSTEM_COMPONENTS"
                ],
                "managed_prometheus": [
                  {
                    "enabled": true
                  }
                ]
              }
            ],
            "monitoring_service": "monitoring.googleapis.com/kubernetes",
            "name": "playground-s-11-90098b95-gke",
            "network": "projects/playground-s-11-90098b95/global/networks/gke-vpc",
            "network_policy": [
              {
                "enabled": false,
                "provider": "PROVIDER_UNSPECIFIED"
              }
            ],
            "networking_mode": "VPC_NATIVE",
            "node_config": [],
            "node_locations": [
              "us-central1-a",
              "us-central1-c",
              "us-central1-f"
            ],
            "node_pool": [],
            "node_pool_defaults": [
              {
                "node_config_defaults": [
                  {
                    "logging_variant": "DEFAULT"
                  }
                ]
              }
            ],
            "node_version": "1.27.3-gke.100",
            "notification_config": [
              {
                "pubsub": [
                  {
                    "enabled": false,
                    "filter": [],
                    "topic": ""
                  }
                ]
              }
            ],
            "operation": null,
            "private_cluster_config": [
              {
                "enable_private_endpoint": false,
                "enable_private_nodes": false,
                "master_global_access_config": [
                  {
                    "enabled": false
                  }
                ],
                "master_ipv4_cidr_block": "",
                "peering_name": "",
                "private_endpoint": "10.0.0.2",
                "private_endpoint_subnetwork": "",
                "public_endpoint": "34.133.134.4"
              }
            ],
            "private_ipv6_google_access": "",
            "project": "playground-s-11-90098b95",
            "release_channel": [
              {
                "channel": "REGULAR"
              }
            ],
            "remove_default_node_pool": true,
            "resource_labels": null,
            "resource_usage_export_config": [],
            "security_posture_config": [
              {
                "mode": "BASIC",
                "vulnerability_mode": "VULNERABILITY_MODE_UNSPECIFIED"
              }
            ],
            "self_link": "https://container.googleapis.com/v1/projects/playground-s-11-90098b95/locations/us-central1/clusters/playground-s-11-90098b95-gke",
            "service_external_ips_config": [
              {
                "enabled": false
              }
            ],
            "services_ipv4_cidr": "10.2.0.0/20",
            "subnetwork": "projects/playground-s-11-90098b95/regions/us-central1/subnetworks/primary-subnet",
            "timeouts": null,
            "tpu_ipv4_cidr_block": "",
            "vertical_pod_autoscaling": [],
            "workload_identity_config": []
          },
          "sensitive_attributes": [],
          "private": "eyJlMmJmYjczMC1lY2FhLTExZTYtOGY4OC0zNDM2M2JjN2M0YzAiOnsiY3JlYXRlIjoyNDAwMDAwMDAwMDAwLCJkZWxldGUiOjI0MDAwMDAwMDAwMDAsInJlYWQiOjI0MDAwMDAwMDAwMDAsInVwZGF0ZSI6MzYwMDAwMDAwMDAwMH0sInNjaGVtYV92ZXJzaW9uIjoiMSJ9",
          "dependencies": [
            "google_compute_network.gke_network",
            "google_compute_subnetwork.network_with_private_secondary_ip_ranges"
          ]
        }
      ]
    },
    {
      "mode": "managed",
      "type": "google_container_node_pool",
      "name": "primary_nodes",
      "provider": "provider[\"registry.terraform.io/hashicorp/google\"]",
      "instances": [
        {
          "schema_version": 1,
          "attributes": {
            "autoscaling": [],
            "cluster": "playground-s-11-90098b95-gke",
            "id": "projects/playground-s-11-90098b95/locations/us-central1/clusters/playground-s-11-90098b95-gke/nodePools/playground-s-11-90098b95-gke-pool",
            "initial_node_count": 1,
            "instance_group_urls": [
              "https://www.googleapis.com/compute/v1/projects/playground-s-11-90098b95/zones/us-central1-a/instanceGroupManagers/gke-playground-s-11--playground-s-11--43463a82-grp",
              "https://www.googleapis.com/compute/v1/projects/playground-s-11-90098b95/zones/us-central1-c/instanceGroupManagers/gke-playground-s-11--playground-s-11--6c8e137a-grp",
              "https://www.googleapis.com/compute/v1/projects/playground-s-11-90098b95/zones/us-central1-f/instanceGroupManagers/gke-playground-s-11--playground-s-11--e90e0cfc-grp"
            ],
            "location": "us-central1",
            "managed_instance_group_urls": [
              "https://www.googleapis.com/compute/v1/projects/playground-s-11-90098b95/zones/us-central1-a/instanceGroups/gke-playground-s-11--playground-s-11--43463a82-grp",
              "https://www.googleapis.com/compute/v1/projects/playground-s-11-90098b95/zones/us-central1-c/instanceGroups/gke-playground-s-11--playground-s-11--6c8e137a-grp",
              "https://www.googleapis.com/compute/v1/projects/playground-s-11-90098b95/zones/us-central1-f/instanceGroups/gke-playground-s-11--playground-s-11--e90e0cfc-grp"
            ],
            "management": [
              {
                "auto_repair": true,
                "auto_upgrade": true
              }
            ],
            "max_pods_per_node": 110,
            "name": "playground-s-11-90098b95-gke-pool",
            "name_prefix": "",
            "network_config": [
              {
                "create_pod_range": false,
                "enable_private_nodes": false,
                "pod_cidr_overprovision_config": [],
                "pod_ipv4_cidr_block": "10.1.0.0/16",
                "pod_range": "pod-secondary-subnet"
              }
            ],
            "node_config": [
              {
                "advanced_machine_features": [],
                "boot_disk_kms_key": "",
                "disk_size_gb": 100,
                "disk_type": "pd-balanced",
                "ephemeral_storage_local_ssd_config": [],
                "gcfs_config": [],
                "guest_accelerator": [],
                "gvnic": [],
                "image_type": "COS_CONTAINERD",
                "kubelet_config": [],
                "labels": {},
                "linux_node_config": [],
                "local_nvme_ssd_block_config": [],
                "local_ssd_count": 0,
                "logging_variant": "DEFAULT",
                "machine_type": "n1-standard-1",
                "metadata": {
                  "disable-legacy-endpoints": "true"
                },
                "min_cpu_platform": "",
                "node_group": "",
                "oauth_scopes": [
                  "https://www.googleapis.com/auth/devstorage.read_only",
                  "https://www.googleapis.com/auth/logging.write",
                  "https://www.googleapis.com/auth/monitoring",
                  "https://www.googleapis.com/auth/service.management.readonly",
                  "https://www.googleapis.com/auth/servicecontrol",
                  "https://www.googleapis.com/auth/trace.append"
                ],
                "preemptible": false,
                "reservation_affinity": [],
                "resource_labels": null,
                "service_account": "default",
                "shielded_instance_config": [
                  {
                    "enable_integrity_monitoring": true,
                    "enable_secure_boot": false
                  }
                ],
                "sole_tenant_config": [],
                "spot": false,
                "tags": [
                  "gke-node",
                  "playground-s-11-90098b95-gke"
                ],
                "taint": [],
                "workload_metadata_config": []
              }
            ],
            "node_count": 1,
            "node_locations": [
              "us-central1-a",
              "us-central1-c",
              "us-central1-f"
            ],
            "operation": null,
            "placement_policy": [],
            "project": "playground-s-11-90098b95",
            "timeouts": null,
            "upgrade_settings": [
              {
                "blue_green_settings": [],
                "max_surge": 1,
                "max_unavailable": 0,
                "strategy": "SURGE"
              }
            ],
            "version": "1.27.4-gke.900"
          },
          "sensitive_attributes": [],
          "private": "eyJlMmJmYjczMC1lY2FhLTExZTYtOGY4OC0zNDM2M2JjN2M0YzAiOnsiY3JlYXRlIjoxODAwMDAwMDAwMDAwLCJkZWxldGUiOjE4MDAwMDAwMDAwMDAsInVwZGF0ZSI6MTgwMDAwMDAwMDAwMH0sInNjaGVtYV92ZXJzaW9uIjoiMSJ9",
          "dependencies": [
            "data.google_container_engine_versions.gke_version",
            "google_compute_network.gke_network",
            "google_compute_subnetwork.network_with_private_secondary_ip_ranges",
            "google_container_cluster.primary"
          ]
        }
      ]
    }
  ],
  "check_results": null
}
